// !$*UTF8*$!
{
	archiveVersion = 1;
	classes = {
	};
	objectVersion = 48;
	objects = {

/* Begin PBXBuildFile section */
		EF1392542061C07F000ABBE6 /* AppDelegate.swift in Sources */ = {isa = PBXBuildFile; fileRef = EF1392532061C07F000ABBE6 /* AppDelegate.swift */; };
		EF1392562061C07F000ABBE6 /* ViewController.swift in Sources */ = {isa = PBXBuildFile; fileRef = EF1392552061C07F000ABBE6 /* ViewController.swift */; };
		EF1392592061C07F000ABBE6 /* Main.storyboard in Resources */ = {isa = PBXBuildFile; fileRef = EF1392572061C07F000ABBE6 /* Main.storyboard */; };
		EF13925B2061C07F000ABBE6 /* Assets.xcassets in Resources */ = {isa = PBXBuildFile; fileRef = EF13925A2061C07F000ABBE6 /* Assets.xcassets */; };
		EF13925E2061C07F000ABBE6 /* LaunchScreen.storyboard in Resources */ = {isa = PBXBuildFile; fileRef = EF13925C2061C07F000ABBE6 /* LaunchScreen.storyboard */; };
		EF54CBB02073C651002DCB0E /* FeedTableViewController.swift in Sources */ = {isa = PBXBuildFile; fileRef = EF54CBAF2073C651002DCB0E /* FeedTableViewController.swift */; };
		EFDE492C20731A3C0098A676 /* Product.swift in Sources */ = {isa = PBXBuildFile; fileRef = EFDE492B20731A3C0098A676 /* Product.swift */; };
/* End PBXBuildFile section */

/* Begin PBXFileReference section */
		EF1392502061C07F000ABBE6 /* ECommerceApp.app */ = {isa = PBXFileReference; explicitFileType = wrapper.application; includeInIndex = 0; path = ECommerceApp.app; sourceTree = BUILT_PRODUCTS_DIR; };
		EF1392532061C07F000ABBE6 /* AppDelegate.swift */ = {isa = PBXFileReference; lastKnownFileType = sourcecode.swift; path = AppDelegate.swift; sourceTree = "<group>"; };
		EF1392552061C07F000ABBE6 /* ViewController.swift */ = {isa = PBXFileReference; lastKnownFileType = sourcecode.swift; path = ViewController.swift; sourceTree = "<group>"; };
		EF1392582061C07F000ABBE6 /* Base */ = {isa = PBXFileReference; lastKnownFileType = file.storyboard; name = Base; path = Base.lproj/Main.storyboard; sourceTree = "<group>"; };
		EF13925A2061C07F000ABBE6 /* Assets.xcassets */ = {isa = PBXFileReference; lastKnownFileType = folder.assetcatalog; path = Assets.xcassets; sourceTree = "<group>"; };
		EF13925D2061C07F000ABBE6 /* Base */ = {isa = PBXFileReference; lastKnownFileType = file.storyboard; name = Base; path = Base.lproj/LaunchScreen.storyboard; sourceTree = "<group>"; };
		EF13925F2061C07F000ABBE6 /* Info.plist */ = {isa = PBXFileReference; lastKnownFileType = text.plist.xml; path = Info.plist; sourceTree = "<group>"; };
		EF54CBAF2073C651002DCB0E /* FeedTableViewController.swift */ = {isa = PBXFileReference; lastKnownFileType = sourcecode.swift; path = FeedTableViewController.swift; sourceTree = "<group>"; };
		EFDE492B20731A3C0098A676 /* Product.swift */ = {isa = PBXFileReference; lastKnownFileType = sourcecode.swift; path = Product.swift; sourceTree = "<group>"; };
/* End PBXFileReference section */

/* Begin PBXFrameworksBuildPhase section */
		EF13924D2061C07F000ABBE6 /* Frameworks */ = {
			isa = PBXFrameworksBuildPhase;
			buildActionMask = 2147483647;
			files = (
			);
			runOnlyForDeploymentPostprocessing = 0;
		};
/* End PBXFrameworksBuildPhase section */

/* Begin PBXGroup section */
		EF1392472061C07F000ABBE6 = {
			isa = PBXGroup;
			children = (
				EF1392522061C07F000ABBE6 /* ECommerceApp */,
				EF1392512061C07F000ABBE6 /* Products */,
			);
			sourceTree = "<group>";
		};
		EF1392512061C07F000ABBE6 /* Products */ = {
			isa = PBXGroup;
			children = (
				EF1392502061C07F000ABBE6 /* ECommerceApp.app */,
			);
			name = Products;
			sourceTree = "<group>";
		};
		EF1392522061C07F000ABBE6 /* ECommerceApp */ = {
			isa = PBXGroup;
			children = (
				EF54CBAE2073C5D3002DCB0E /* Controllers */,
				EF54CBAD2073C5C5002DCB0E /* Views */,
				EF54CBAC2073C5B4002DCB0E /* Model */,
				EF1392532061C07F000ABBE6 /* AppDelegate.swift */,
				EF1392572061C07F000ABBE6 /* Main.storyboard */,
				EF13925A2061C07F000ABBE6 /* Assets.xcassets */,
				EF13925C2061C07F000ABBE6 /* LaunchScreen.storyboard */,
				EF13925F2061C07F000ABBE6 /* Info.plist */,
			);
			path = ECommerceApp;
			sourceTree = "<group>";
		};
		EF54CBAC2073C5B4002DCB0E /* Model */ = {
			isa = PBXGroup;
			children = (
				EFDE492B20731A3C0098A676 /* Product.swift */,
			);
			path = Model;
			sourceTree = "<group>";
		};
		EF54CBAD2073C5C5002DCB0E /* Views */ = {
			isa = PBXGroup;
			children = (
			);
			path = Views;
			sourceTree = "<group>";
		};
		EF54CBAE2073C5D3002DCB0E /* Controllers */ = {
			isa = PBXGroup;
			children = (
				EF1392552061C07F000ABBE6 /* ViewController.swift */,
				EF54CBAF2073C651002DCB0E /* FeedTableViewController.swift */,
			);
			path = Controllers;
			sourceTree = "<group>";
		};
/* End PBXGroup section */

/* Begin PBXNativeTarget section */
		EF13924F2061C07F000ABBE6 /* ECommerceApp */ = {
			isa = PBXNativeTarget;
			buildConfigurationList = EF1392622061C07F000ABBE6 /* Build configuration list for PBXNativeTarget "ECommerceApp" */;
			buildPhases = (
				EF13924C2061C07F000ABBE6 /* Sources */,
				EF13924D2061C07F000ABBE6 /* Frameworks */,
				EF13924E2061C07F000ABBE6 /* Resources */,
			);
			buildRules = (
			);
			dependencies = (
			);
			name = ECommerceApp;
			productName = ECommerceApp;
			productReference = EF1392502061C07F000ABBE6 /* ECommerceApp.app */;
			productType = "com.apple.product-type.application";
		};
/* End PBXNativeTarget section */

/* Begin PBXProject section */
		EF1392482061C07F000ABBE6 /* Project object */ = {
			isa = PBXProject;
			attributes = {
				LastSwiftUpdateCheck = 0920;
				LastUpgradeCheck = 0920;
				ORGANIZATIONNAME = darqfox;
				TargetAttributes = {
					EF13924F2061C07F000ABBE6 = {
						CreatedOnToolsVersion = 9.2;
						ProvisioningStyle = Automatic;
					};
				};
			};
			buildConfigurationList = EF13924B2061C07F000ABBE6 /* Build configuration list for PBXProject "ECommerceApp" */;
			compatibilityVersion = "Xcode 8.0";
			developmentRegion = en;
			hasScannedForEncodings = 0;
			knownRegions = (
				en,
				Base,
			);
			mainGroup = EF1392472061C07F000ABBE6;
			productRefGroup = EF1392512061C07F000ABBE6 /* Products */;
			projectDirPath = "";
			projectRoot = "";
			targets = (
				EF13924F2061C07F000ABBE6 /* ECommerceApp */,
			);
		};
/* End PBXProject section */

/* Begin PBXResourcesBuildPhase section */
		EF13924E2061C07F000ABBE6 /* Resources */ = {
			isa = PBXResourcesBuildPhase;
			buildActionMask = 2147483647;
			files = (
				EF13925E2061C07F000ABBE6 /* LaunchScreen.storyboard in Resources */,
				EF13925B2061C07F000ABBE6 /* Assets.xcassets in Resources */,
				EF1392592061C07F000ABBE6 /* Main.storyboard in Resources */,
			);
			runOnlyForDeploymentPostprocessing = 0;
		};
/* End PBXResourcesBuildPhase section */

/* Begin PBXSourcesBuildPhase section */
		EF13924C2061C07F000ABBE6 /* Sources */ = {
			isa = PBXSourcesBuildPhase;
			buildActionMask = 2147483647;
			files = (
				EF1392562061C07F000ABBE6 /* ViewController.swift in Sources */,
				EF1392542061C07F000ABBE6 /* AppDelegate.swift in Sources */,
				EFDE492C20731A3C0098A676 /* Product.swift in Sources */,
				EF54CBB02073C651002DCB0E /* FeedTableViewController.swift in Sources */,
			);
			runOnlyForDeploymentPostprocessing = 0;
		};
/* End PBXSourcesBuildPhase section */

/* Begin PBXVariantGroup section */
		EF1392572061C07F000ABBE6 /* Main.storyboard */ = {
			isa = PBXVariantGroup;
			children = (
				EF1392582061C07F000ABBE6 /* Base */,
			);
			name = Main.storyboard;
			sourceTree = "<group>";
		};
		EF13925C2061C07F000ABBE6 /* LaunchScreen.storyboard */ = {
			isa = PBXVariantGroup;
			children = (
				EF13925D2061C07F000ABBE6 /* Base */,
			);
			name = LaunchScreen.storyboard;
			sourceTree = "<group>";
		};
/* End PBXVariantGroup section */

/* Begin XCBuildConfiguration section */
		EF1392602061C07F000ABBE6 /* Debug */ = {
			isa = XCBuildConfiguration;
			buildSettings = {
				ALWAYS_SEARCH_USER_PATHS = NO;
				CLANG_ANALYZER_NONNULL = YES;
				CLANG_ANALYZER_NUMBER_OBJECT_CONVERSION = YES_AGGRESSIVE;
				CLANG_CXX_LANGUAGE_STANDARD = "gnu++14";
				CLANG_CXX_LIBRARY = "libc++";
				CLANG_ENABLE_MODULES = YES;
				CLANG_ENABLE_OBJC_ARC = YES;
				CLANG_WARN_BLOCK_CAPTURE_AUTORELEASING = YES;
				CLANG_WARN_BOOL_CONVERSION = YES;
				CLANG_WARN_COMMA = YES;
				CLANG_WARN_CONSTANT_CONVERSION = YES;
				CLANG_WARN_DIRECT_OBJC_ISA_USAGE = YES_ERROR;
				CLANG_WARN_DOCUMENTATION_COMMENTS = YES;
				CLANG_WARN_EMPTY_BODY = YES;
				CLANG_WARN_ENUM_CONVERSION = YES;
				CLANG_WARN_INFINITE_RECURSION = YES;
				CLANG_WARN_INT_CONVERSION = YES;
				CLANG_WARN_NON_LITERAL_NULL_CONVERSION = YES;
				CLANG_WARN_OBJC_LITERAL_CONVERSION = YES;
				CLANG_WARN_OBJC_ROOT_CLASS = YES_ERROR;
				CLANG_WARN_RANGE_LOOP_ANALYSIS = YES;
				CLANG_WARN_STRICT_PROTOTYPES = YES;
				CLANG_WARN_SUSPICIOUS_MOVE = YES;
				CLANG_WARN_UNGUARDED_AVAILABILITY = YES_AGGRESSIVE;
				CLANG_WARN_UNREACHABLE_CODE = YES;
				CLANG_WARN__DUPLICATE_METHOD_MATCH = YES;
				CODE_SIGN_IDENTITY = "iPhone Developer";
				COPY_PHASE_STRIP = NO;
				DEBUG_INFORMATION_FORMAT = dwarf;
				ENABLE_STRICT_OBJC_MSGSEND = YES;
				ENABLE_TESTABILITY = YES;
				GCC_C_LANGUAGE_STANDARD = gnu11;
				GCC_DYNAMIC_NO_PIC = NO;
				GCC_NO_COMMON_BLOCKS = YES;
				GCC_OPTIMIZATION_LEVEL = 0;
				GCC_PREPROCESSOR_DEFINITIONS = (
					"DEBUG=1",
					"$(inherited)",
				);
				GCC_WARN_64_TO_32_BIT_CONVERSION = YES;
				GCC_WARN_ABOUT_RETURN_TYPE = YES_ERROR;
				GCC_WARN_UNDECLARED_SELECTOR = YES;
				GCC_WARN_UNINITIALIZED_AUTOS = YES_AGGRESSIVE;
				GCC_WARN_UNUSED_FUNCTION = YES;
				GCC_WARN_UNUSED_VARIABLE = YES;
				IPHONEOS_DEPLOYMENT_TARGET = 11.2;
				MTL_ENABLE_DEBUG_INFO = YES;
				ONLY_ACTIVE_ARCH = YES;
				SDKROOT = iphoneos;
				SWIFT_ACTIVE_COMPILATION_CONDITIONS = DEBUG;
				SWIFT_OPTIMIZATION_LEVEL = "-Onone";
			};
			name = Debug;
		};
		EF1392612061C07F000ABBE6 /* Release */ = {
			isa = XCBuildConfiguration;
			buildSettings = {
				ALWAYS_SEARCH_USER_PATHS = NO;
				CLANG_ANALYZER_NONNULL = YES;
				CLANG_ANALYZER_NUMBER_OBJECT_CONVERSION = YES_AGGRESSIVE;
				CLANG_CXX_LANGUAGE_STANDARD = "gnu++14";
				CLANG_CXX_LIBRARY = "libc++";
				CLANG_ENABLE_MODULES = YES;
				CLANG_ENABLE_OBJC_ARC = YES;
				CLANG_WARN_BLOCK_CAPTURE_AUTORELEASING = YES;
				CLANG_WARN_BOOL_CONVERSION = YES;
				CLANG_WARN_COMMA = YES;
				CLANG_WARN_CONSTANT_CONVERSION = YES;
				CLANG_WARN_DIRECT_OBJC_ISA_USAGE = YES_ERROR;
				CLANG_WARN_DOCUMENTATION_COMMENTS = YES;
				CLANG_WARN_EMPTY_BODY = YES;
				CLANG_WARN_ENUM_CONVERSION = YES;
				CLANG_WARN_INFINITE_RECURSION = YES;
				CLANG_WARN_INT_CONVERSION = YES;
				CLANG_WARN_NON_LITERAL_NULL_CONVERSION = YES;
				CLANG_WARN_OBJC_LITERAL_CONVERSION = YES;
				CLANG_WARN_OBJC_ROOT_CLASS = YES_ERROR;
				CLANG_WARN_RANGE_LOOP_ANALYSIS = YES;
				CLANG_WARN_STRICT_PROTOTYPES = YES;
				CLANG_WARN_SUSPICIOUS_MOVE = YES;
				CLANG_WARN_UNGUARDED_AVAILABILITY = YES_AGGRESSIVE;
				CLANG_WARN_UNREACHABLE_CODE = YES;
				CLANG_WARN__DUPLICATE_METHOD_MATCH = YES;
				CODE_SIGN_IDENTITY = "iPhone Developer";
				COPY_PHASE_STRIP = NO;
				DEBUG_INFORMATION_FORMAT = "dwarf-with-dsym";
				ENABLE_NS_ASSERTIONS = NO;
				ENABLE_STRICT_OBJC_MSGSEND = YES;
				GCC_C_LANGUAGE_STANDARD = gnu11;
				GCC_NO_COMMON_BLOCKS = YES;
				GCC_WARN_64_TO_32_BIT_CONVERSION = YES;
				GCC_WARN_ABOUT_RETURN_TYPE = YES_ERROR;
				GCC_WARN_UNDECLARED_SELECTOR = YES;
				GCC_WARN_UNINITIALIZED_AUTOS = YES_AGGRESSIVE;
				GCC_WARN_UNUSED_FUNCTION = YES;
				GCC_WARN_UNUSED_VARIABLE = YES;
				IPHONEOS_DEPLOYMENT_TARGET = 11.2;
				MTL_ENABLE_DEBUG_INFO = NO;
				SDKROOT = iphoneos;
				SWIFT_OPTIMIZATION_LEVEL = "-Owholemodule";
				VALIDATE_PRODUCT = YES;
			};
			name = Release;
		};
		EF1392632061C07F000ABBE6 /* Debug */ = {
			isa = XCBuildConfiguration;
			buildSettings = {
				ASSETCATALOG_COMPILER_APPICON_NAME = AppIcon;
				CODE_SIGN_STYLE = Automatic;
				DEVELOPMENT_TEAM = GJ824JDLTY;
				INFOPLIST_FILE = ECommerceApp/Info.plist;
				LD_RUNPATH_SEARCH_PATHS = "$(inherited) @executable_path/Frameworks";
				PRODUCT_BUNDLE_IDENTIFIER = com.darqfox.ECommerceApp;
				PRODUCT_NAME = "$(TARGET_NAME)";
				SWIFT_VERSION = 4.0;
				TARGETED_DEVICE_FAMILY = "1,2";
			};
			name = Debug;
		};
		EF1392642061C07F000ABBE6 /* Release */ = {
			isa = XCBuildConfiguration;
			buildSettings = {
				ASSETCATALOG_COMPILER_APPICON_NAME = AppIcon;
				CODE_SIGN_STYLE = Automatic;
				DEVELOPMENT_TEAM = GJ824JDLTY;
				INFOPLIST_FILE = ECommerceApp/Info.plist;
				LD_RUNPATH_SEARCH_PATHS = "$(inherited) @executable_path/Frameworks";
				PRODUCT_BUNDLE_IDENTIFIER = com.darqfox.ECommerceApp;
				PRODUCT_NAME = "$(TARGET_NAME)";
				SWIFT_VERSION = 4.0;
				TARGETED_DEVICE_FAMILY = "1,2";
			};
			name = Release;
		};
/* End XCBuildConfiguration section */

/* Begin XCConfigurationList section */
		EF13924B2061C07F000ABBE6 /* Build configuration list for PBXProject "ECommerceApp" */ = {
			isa = XCConfigurationList;
			buildConfigurations = (
				EF1392602061C07F000ABBE6 /* Debug */,
				EF1392612061C07F000ABBE6 /* Release */,
			);
			defaultConfigurationIsVisible = 0;
			defaultConfigurationName = Release;
		};
		EF1392622061C07F000ABBE6 /* Build configuration list for PBXNativeTarget "ECommerceApp" */ = {
			isa = XCConfigurationList;
			buildConfigurations = (
				EF1392632061C07F000ABBE6 /* Debug */,
				EF1392642061C07F000ABBE6 /* Release */,
			);
			defaultConfigurationIsVisible = 0;
			defaultConfigurationName = Release;
		};
/* End XCConfigurationList section */
	};
	rootObject = EF1392482061C07F000ABBE6 /* Project object */;
}
