// !$*UTF8*$!
{
	archiveVersion = 1;
	classes = {
	};
	objectVersion = 48;
	objects = {

/* Begin PBXBuildFile section */
		EF1392542061C07F000ABBE6 /* AppDelegate.swift in Sources */ = {isa = PBXBuildFile; fileRef = EF1392532061C07F000ABBE6 /* AppDelegate.swift */; };
		EF1392592061C07F000ABBE6 /* Main.storyboard in Resources */ = {isa = PBXBuildFile; fileRef = EF1392572061C07F000ABBE6 /* Main.storyboard */; };
		EF13925B2061C07F000ABBE6 /* Assets.xcassets in Resources */ = {isa = PBXBuildFile; fileRef = EF13925A2061C07F000ABBE6 /* Assets.xcassets */; };
		EF13925E2061C07F000ABBE6 /* LaunchScreen.storyboard in Resources */ = {isa = PBXBuildFile; fileRef = EF13925C2061C07F000ABBE6 /* LaunchScreen.storyboard */; };
		EF243B452082648200D9BA5D /* SignupTableViewController.swift in Sources */ = {isa = PBXBuildFile; fileRef = EF243B442082648200D9BA5D /* SignupTableViewController.swift */; };
		EF2B3CD82076B783003CC223 /* ProductImagesPageViewController.swift in Sources */ = {isa = PBXBuildFile; fileRef = EF2B3CD72076B783003CC223 /* ProductImagesPageViewController.swift */; };
		EF54CBB02073C651002DCB0E /* FeedTableViewController.swift in Sources */ = {isa = PBXBuildFile; fileRef = EF54CBAF2073C651002DCB0E /* FeedTableViewController.swift */; };
		EF54CBB22073D512002DCB0E /* ProductFeedCell.swift in Sources */ = {isa = PBXBuildFile; fileRef = EF54CBB12073D512002DCB0E /* ProductFeedCell.swift */; };
		EF54CBB42073EA05002DCB0E /* Constants.swift in Sources */ = {isa = PBXBuildFile; fileRef = EF54CBB32073EA05002DCB0E /* Constants.swift */; };
		EF54CBBB2074435B002DCB0E /* ProductDetailCell.swift in Sources */ = {isa = PBXBuildFile; fileRef = EF54CBBA2074435B002DCB0E /* ProductDetailCell.swift */; };
		EF54CBBD20744395002DCB0E /* BuyButtonCell.swift in Sources */ = {isa = PBXBuildFile; fileRef = EF54CBBC20744395002DCB0E /* BuyButtonCell.swift */; };
		EF54CBBF207445B2002DCB0E /* ProductDetailTableViewController.swift in Sources */ = {isa = PBXBuildFile; fileRef = EF54CBBE207445B2002DCB0E /* ProductDetailTableViewController.swift */; };
		EF639279207D5F4F00624803 /* WelcomeScreenViewController.swift in Sources */ = {isa = PBXBuildFile; fileRef = EF639278207D5F4F00624803 /* WelcomeScreenViewController.swift */; };
		EF63927B207D615700624803 /* RoundedButton.swift in Sources */ = {isa = PBXBuildFile; fileRef = EF63927A207D615700624803 /* RoundedButton.swift */; };
		EF67B01F207743480020A885 /* ProductImagesHeaderView.swift in Sources */ = {isa = PBXBuildFile; fileRef = EF67B01E207743480020A885 /* ProductImagesHeaderView.swift */; };
		EF67B02120784E020020A885 /* SuggestionCollectionViewCell.swift in Sources */ = {isa = PBXBuildFile; fileRef = EF67B02020784E020020A885 /* SuggestionCollectionViewCell.swift */; };
		EF67B023207857AA0020A885 /* SuggestionTableViewCell.swift in Sources */ = {isa = PBXBuildFile; fileRef = EF67B022207857AA0020A885 /* SuggestionTableViewCell.swift */; };
		EF9262922076A55700A8FCB7 /* ProductImageViewController.swift in Sources */ = {isa = PBXBuildFile; fileRef = EF9262912076A55700A8FCB7 /* ProductImageViewController.swift */; };
		EFA45007207D0F6F00AB6A1C /* CheckoutTableViewController.swift in Sources */ = {isa = PBXBuildFile; fileRef = EFA45006207D0F6F00AB6A1C /* CheckoutTableViewController.swift */; };
		EFA4500B207D10B100AB6A1C /* BillingInformationCell.swift in Sources */ = {isa = PBXBuildFile; fileRef = EFA4500A207D10B100AB6A1C /* BillingInformationCell.swift */; };
		EFA4500D207D117D00AB6A1C /* CreditCardInformationCell.swift in Sources */ = {isa = PBXBuildFile; fileRef = EFA4500C207D117D00AB6A1C /* CreditCardInformationCell.swift */; };
		EFA4500F207D12D400AB6A1C /* SubmitOrderCell.swift in Sources */ = {isa = PBXBuildFile; fileRef = EFA4500E207D12D400AB6A1C /* SubmitOrderCell.swift */; };
		EFA45013207D1FA500AB6A1C /* GoogleService-Info.plist in Resources */ = {isa = PBXBuildFile; fileRef = EFA45012207D1FA500AB6A1C /* GoogleService-Info.plist */; };
		EFDE492C20731A3C0098A676 /* Product.swift in Sources */ = {isa = PBXBuildFile; fileRef = EFDE492B20731A3C0098A676 /* Product.swift */; };
		EFE793F0207ED8F500957FDC /* ECFirebaseReference.swift in Sources */ = {isa = PBXBuildFile; fileRef = EFE793EF207ED8F500957FDC /* ECFirebaseReference.swift */; };
		EFE793F2207FCF0600957FDC /* ECFirebaseImage.swift in Sources */ = {isa = PBXBuildFile; fileRef = EFE793F1207FCF0600957FDC /* ECFirebaseImage.swift */; };
		EFE793F4207FECEF00957FDC /* ECUser.swift in Sources */ = {isa = PBXBuildFile; fileRef = EFE793F3207FECEF00957FDC /* ECUser.swift */; };
		EFFC234D207C21A10089E2D9 /* ShoppingBagTableViewController.swift in Sources */ = {isa = PBXBuildFile; fileRef = EFFC234C207C21A10089E2D9 /* ShoppingBagTableViewController.swift */; };
		EFFC2353207C267C0089E2D9 /* NumberOfItemsCell.swift in Sources */ = {isa = PBXBuildFile; fileRef = EFFC2352207C267C0089E2D9 /* NumberOfItemsCell.swift */; };
		EFFC2355207C28F40089E2D9 /* ProductInBagCell.swift in Sources */ = {isa = PBXBuildFile; fileRef = EFFC2354207C28F40089E2D9 /* ProductInBagCell.swift */; };
		EFFC2357207C34730089E2D9 /* SubtotalCell.swift in Sources */ = {isa = PBXBuildFile; fileRef = EFFC2356207C34730089E2D9 /* SubtotalCell.swift */; };
		EFFC2359207C358C0089E2D9 /* TotalCell.swift in Sources */ = {isa = PBXBuildFile; fileRef = EFFC2358207C358C0089E2D9 /* TotalCell.swift */; };
		EFFC235B207C36630089E2D9 /* CheckoutCell.swift in Sources */ = {isa = PBXBuildFile; fileRef = EFFC235A207C36630089E2D9 /* CheckoutCell.swift */; };
		FB09E0D320DF894C1DE276F5 /* Pods_ECommerceApp.framework in Frameworks */ = {isa = PBXBuildFile; fileRef = 4742D20A8E26B7FABDBA4C7A /* Pods_ECommerceApp.framework */; };
/* End PBXBuildFile section */

/* Begin PBXFileReference section */
		42D415992A7BB7EDC16325B3 /* Pods-ECommerceApp.release.xcconfig */ = {isa = PBXFileReference; includeInIndex = 1; lastKnownFileType = text.xcconfig; name = "Pods-ECommerceApp.release.xcconfig"; path = "Pods/Target Support Files/Pods-ECommerceApp/Pods-ECommerceApp.release.xcconfig"; sourceTree = "<group>"; };
		4742D20A8E26B7FABDBA4C7A /* Pods_ECommerceApp.framework */ = {isa = PBXFileReference; explicitFileType = wrapper.framework; includeInIndex = 0; path = Pods_ECommerceApp.framework; sourceTree = BUILT_PRODUCTS_DIR; };
		5AFE30A0E12C29D4532BDA93 /* Pods-ECommerceApp.debug.xcconfig */ = {isa = PBXFileReference; includeInIndex = 1; lastKnownFileType = text.xcconfig; name = "Pods-ECommerceApp.debug.xcconfig"; path = "Pods/Target Support Files/Pods-ECommerceApp/Pods-ECommerceApp.debug.xcconfig"; sourceTree = "<group>"; };
		EF1392502061C07F000ABBE6 /* ECommerceApp.app */ = {isa = PBXFileReference; explicitFileType = wrapper.application; includeInIndex = 0; path = ECommerceApp.app; sourceTree = BUILT_PRODUCTS_DIR; };
		EF1392532061C07F000ABBE6 /* AppDelegate.swift */ = {isa = PBXFileReference; lastKnownFileType = sourcecode.swift; path = AppDelegate.swift; sourceTree = "<group>"; };
		EF1392582061C07F000ABBE6 /* Base */ = {isa = PBXFileReference; lastKnownFileType = file.storyboard; name = Base; path = Base.lproj/Main.storyboard; sourceTree = "<group>"; };
		EF13925A2061C07F000ABBE6 /* Assets.xcassets */ = {isa = PBXFileReference; lastKnownFileType = folder.assetcatalog; path = Assets.xcassets; sourceTree = "<group>"; };
		EF13925D2061C07F000ABBE6 /* Base */ = {isa = PBXFileReference; lastKnownFileType = file.storyboard; name = Base; path = Base.lproj/LaunchScreen.storyboard; sourceTree = "<group>"; };
		EF13925F2061C07F000ABBE6 /* Info.plist */ = {isa = PBXFileReference; lastKnownFileType = text.plist.xml; path = Info.plist; sourceTree = "<group>"; };
		EF243B442082648200D9BA5D /* SignupTableViewController.swift */ = {isa = PBXFileReference; lastKnownFileType = sourcecode.swift; path = SignupTableViewController.swift; sourceTree = "<group>"; };
		EF2B3CD72076B783003CC223 /* ProductImagesPageViewController.swift */ = {isa = PBXFileReference; lastKnownFileType = sourcecode.swift; path = ProductImagesPageViewController.swift; sourceTree = "<group>"; };
		EF54CBAF2073C651002DCB0E /* FeedTableViewController.swift */ = {isa = PBXFileReference; lastKnownFileType = sourcecode.swift; path = FeedTableViewController.swift; sourceTree = "<group>"; };
		EF54CBB12073D512002DCB0E /* ProductFeedCell.swift */ = {isa = PBXFileReference; lastKnownFileType = sourcecode.swift; path = ProductFeedCell.swift; sourceTree = "<group>"; };
		EF54CBB32073EA05002DCB0E /* Constants.swift */ = {isa = PBXFileReference; lastKnownFileType = sourcecode.swift; path = Constants.swift; sourceTree = "<group>"; };
		EF54CBBA2074435B002DCB0E /* ProductDetailCell.swift */ = {isa = PBXFileReference; lastKnownFileType = sourcecode.swift; path = ProductDetailCell.swift; sourceTree = "<group>"; };
		EF54CBBC20744395002DCB0E /* BuyButtonCell.swift */ = {isa = PBXFileReference; lastKnownFileType = sourcecode.swift; path = BuyButtonCell.swift; sourceTree = "<group>"; };
		EF54CBBE207445B2002DCB0E /* ProductDetailTableViewController.swift */ = {isa = PBXFileReference; lastKnownFileType = sourcecode.swift; path = ProductDetailTableViewController.swift; sourceTree = "<group>"; };
		EF639278207D5F4F00624803 /* WelcomeScreenViewController.swift */ = {isa = PBXFileReference; lastKnownFileType = sourcecode.swift; path = WelcomeScreenViewController.swift; sourceTree = "<group>"; };
		EF63927A207D615700624803 /* RoundedButton.swift */ = {isa = PBXFileReference; lastKnownFileType = sourcecode.swift; path = RoundedButton.swift; sourceTree = "<group>"; };
		EF67B01E207743480020A885 /* ProductImagesHeaderView.swift */ = {isa = PBXFileReference; lastKnownFileType = sourcecode.swift; path = ProductImagesHeaderView.swift; sourceTree = "<group>"; };
		EF67B02020784E020020A885 /* SuggestionCollectionViewCell.swift */ = {isa = PBXFileReference; lastKnownFileType = sourcecode.swift; path = SuggestionCollectionViewCell.swift; sourceTree = "<group>"; };
		EF67B022207857AA0020A885 /* SuggestionTableViewCell.swift */ = {isa = PBXFileReference; lastKnownFileType = sourcecode.swift; path = SuggestionTableViewCell.swift; sourceTree = "<group>"; };
		EF9262912076A55700A8FCB7 /* ProductImageViewController.swift */ = {isa = PBXFileReference; lastKnownFileType = sourcecode.swift; path = ProductImageViewController.swift; sourceTree = "<group>"; };
		EFA45006207D0F6F00AB6A1C /* CheckoutTableViewController.swift */ = {isa = PBXFileReference; lastKnownFileType = sourcecode.swift; path = CheckoutTableViewController.swift; sourceTree = "<group>"; };
		EFA4500A207D10B100AB6A1C /* BillingInformationCell.swift */ = {isa = PBXFileReference; lastKnownFileType = sourcecode.swift; path = BillingInformationCell.swift; sourceTree = "<group>"; };
		EFA4500C207D117D00AB6A1C /* CreditCardInformationCell.swift */ = {isa = PBXFileReference; lastKnownFileType = sourcecode.swift; path = CreditCardInformationCell.swift; sourceTree = "<group>"; };
		EFA4500E207D12D400AB6A1C /* SubmitOrderCell.swift */ = {isa = PBXFileReference; lastKnownFileType = sourcecode.swift; path = SubmitOrderCell.swift; sourceTree = "<group>"; };
		EFA45012207D1FA500AB6A1C /* GoogleService-Info.plist */ = {isa = PBXFileReference; fileEncoding = 4; lastKnownFileType = text.plist.xml; path = "GoogleService-Info.plist"; sourceTree = "<group>"; };
		EFDE492B20731A3C0098A676 /* Product.swift */ = {isa = PBXFileReference; lastKnownFileType = sourcecode.swift; path = Product.swift; sourceTree = "<group>"; };
		EFE793EF207ED8F500957FDC /* ECFirebaseReference.swift */ = {isa = PBXFileReference; lastKnownFileType = sourcecode.swift; path = ECFirebaseReference.swift; sourceTree = "<group>"; };
		EFE793F1207FCF0600957FDC /* ECFirebaseImage.swift */ = {isa = PBXFileReference; lastKnownFileType = sourcecode.swift; path = ECFirebaseImage.swift; sourceTree = "<group>"; };
		EFE793F3207FECEF00957FDC /* ECUser.swift */ = {isa = PBXFileReference; lastKnownFileType = sourcecode.swift; path = ECUser.swift; sourceTree = "<group>"; };
		EFFC234C207C21A10089E2D9 /* ShoppingBagTableViewController.swift */ = {isa = PBXFileReference; lastKnownFileType = sourcecode.swift; path = ShoppingBagTableViewController.swift; sourceTree = "<group>"; };
		EFFC2352207C267C0089E2D9 /* NumberOfItemsCell.swift */ = {isa = PBXFileReference; lastKnownFileType = sourcecode.swift; path = NumberOfItemsCell.swift; sourceTree = "<group>"; };
		EFFC2354207C28F40089E2D9 /* ProductInBagCell.swift */ = {isa = PBXFileReference; lastKnownFileType = sourcecode.swift; path = ProductInBagCell.swift; sourceTree = "<group>"; };
		EFFC2356207C34730089E2D9 /* SubtotalCell.swift */ = {isa = PBXFileReference; lastKnownFileType = sourcecode.swift; path = SubtotalCell.swift; sourceTree = "<group>"; };
		EFFC2358207C358C0089E2D9 /* TotalCell.swift */ = {isa = PBXFileReference; lastKnownFileType = sourcecode.swift; path = TotalCell.swift; sourceTree = "<group>"; };
		EFFC235A207C36630089E2D9 /* CheckoutCell.swift */ = {isa = PBXFileReference; lastKnownFileType = sourcecode.swift; path = CheckoutCell.swift; sourceTree = "<group>"; };
/* End PBXFileReference section */

/* Begin PBXFrameworksBuildPhase section */
		EF13924D2061C07F000ABBE6 /* Frameworks */ = {
			isa = PBXFrameworksBuildPhase;
			buildActionMask = 2147483647;
			files = (
				FB09E0D320DF894C1DE276F5 /* Pods_ECommerceApp.framework in Frameworks */,
			);
			runOnlyForDeploymentPostprocessing = 0;
		};
/* End PBXFrameworksBuildPhase section */

/* Begin PBXGroup section */
		4EB6C55D679A04F393D1EDA4 /* Frameworks */ = {
			isa = PBXGroup;
			children = (
				4742D20A8E26B7FABDBA4C7A /* Pods_ECommerceApp.framework */,
			);
			name = Frameworks;
			sourceTree = "<group>";
		};
		5A5822202AE872A0080284DC /* Pods */ = {
			isa = PBXGroup;
			children = (
				5AFE30A0E12C29D4532BDA93 /* Pods-ECommerceApp.debug.xcconfig */,
				42D415992A7BB7EDC16325B3 /* Pods-ECommerceApp.release.xcconfig */,
			);
			name = Pods;
			sourceTree = "<group>";
		};
		EF1392472061C07F000ABBE6 = {
			isa = PBXGroup;
			children = (
				EF1392522061C07F000ABBE6 /* ECommerceApp */,
				EF1392512061C07F000ABBE6 /* Products */,
				5A5822202AE872A0080284DC /* Pods */,
				4EB6C55D679A04F393D1EDA4 /* Frameworks */,
			);
			sourceTree = "<group>";
		};
		EF1392512061C07F000ABBE6 /* Products */ = {
			isa = PBXGroup;
			children = (
				EF1392502061C07F000ABBE6 /* ECommerceApp.app */,
			);
			name = Products;
			sourceTree = "<group>";
		};
		EF1392522061C07F000ABBE6 /* ECommerceApp */ = {
			isa = PBXGroup;
			children = (
				EF639277207D5F2E00624803 /* UserAuthentication */,
				EFFC234B207C21190089E2D9 /* ShoppingBag */,
				EF54CBB6207441C9002DCB0E /* ProductFeed */,
				EF54CBAD2073C5C5002DCB0E /* Views */,
				EF54CBAC2073C5B4002DCB0E /* Model */,
				EF1392532061C07F000ABBE6 /* AppDelegate.swift */,
				EF13925A2061C07F000ABBE6 /* Assets.xcassets */,
				EF13925F2061C07F000ABBE6 /* Info.plist */,
				EFA45012207D1FA500AB6A1C /* GoogleService-Info.plist */,
			);
			path = ECommerceApp;
			sourceTree = "<group>";
		};
		EF54CBAC2073C5B4002DCB0E /* Model */ = {
			isa = PBXGroup;
			children = (
				EFDE492B20731A3C0098A676 /* Product.swift */,
				EFE793EF207ED8F500957FDC /* ECFirebaseReference.swift */,
				EF54CBB32073EA05002DCB0E /* Constants.swift */,
				EFE793F1207FCF0600957FDC /* ECFirebaseImage.swift */,
				EFE793F3207FECEF00957FDC /* ECUser.swift */,
			);
			path = Model;
			sourceTree = "<group>";
		};
		EF54CBAD2073C5C5002DCB0E /* Views */ = {
			isa = PBXGroup;
			children = (
				EF1392572061C07F000ABBE6 /* Main.storyboard */,
				EF13925C2061C07F000ABBE6 /* LaunchScreen.storyboard */,
				EF63927A207D615700624803 /* RoundedButton.swift */,
			);
			path = Views;
			sourceTree = "<group>";
		};
		EF54CBB6207441C9002DCB0E /* ProductFeed */ = {
			isa = PBXGroup;
			children = (
				EF54CBB8207441E4002DCB0E /* Views */,
				EF54CBB7207441DB002DCB0E /* Controllers */,
			);
			path = ProductFeed;
			sourceTree = "<group>";
		};
		EF54CBB7207441DB002DCB0E /* Controllers */ = {
			isa = PBXGroup;
			children = (
				EF54CBAF2073C651002DCB0E /* FeedTableViewController.swift */,
				EF54CBBE207445B2002DCB0E /* ProductDetailTableViewController.swift */,
				EF9262912076A55700A8FCB7 /* ProductImageViewController.swift */,
				EF2B3CD72076B783003CC223 /* ProductImagesPageViewController.swift */,
			);
			path = Controllers;
			sourceTree = "<group>";
		};
		EF54CBB8207441E4002DCB0E /* Views */ = {
			isa = PBXGroup;
			children = (
				EF54CBB12073D512002DCB0E /* ProductFeedCell.swift */,
				EF54CBBA2074435B002DCB0E /* ProductDetailCell.swift */,
				EF54CBBC20744395002DCB0E /* BuyButtonCell.swift */,
				EF67B01E207743480020A885 /* ProductImagesHeaderView.swift */,
				EF67B02020784E020020A885 /* SuggestionCollectionViewCell.swift */,
				EF67B022207857AA0020A885 /* SuggestionTableViewCell.swift */,
			);
			path = Views;
			sourceTree = "<group>";
		};
		EF639277207D5F2E00624803 /* UserAuthentication */ = {
			isa = PBXGroup;
			children = (
				EF639278207D5F4F00624803 /* WelcomeScreenViewController.swift */,
				EF243B442082648200D9BA5D /* SignupTableViewController.swift */,
			);
			path = UserAuthentication;
			sourceTree = "<group>";
		};
		EFFC234B207C21190089E2D9 /* ShoppingBag */ = {
			isa = PBXGroup;
			children = (
				EFFC234F207C23270089E2D9 /* Controllers */,
				EFFC234E207C231A0089E2D9 /* Views */,
			);
			path = ShoppingBag;
			sourceTree = "<group>";
		};
		EFFC234E207C231A0089E2D9 /* Views */ = {
			isa = PBXGroup;
			children = (
				EFFC2352207C267C0089E2D9 /* NumberOfItemsCell.swift */,
				EFFC2354207C28F40089E2D9 /* ProductInBagCell.swift */,
				EFFC2356207C34730089E2D9 /* SubtotalCell.swift */,
				EFFC2358207C358C0089E2D9 /* TotalCell.swift */,
				EFFC235A207C36630089E2D9 /* CheckoutCell.swift */,
				EFA4500A207D10B100AB6A1C /* BillingInformationCell.swift */,
				EFA4500C207D117D00AB6A1C /* CreditCardInformationCell.swift */,
				EFA4500E207D12D400AB6A1C /* SubmitOrderCell.swift */,
			);
			path = Views;
			sourceTree = "<group>";
		};
		EFFC234F207C23270089E2D9 /* Controllers */ = {
			isa = PBXGroup;
			children = (
				EFFC234C207C21A10089E2D9 /* ShoppingBagTableViewController.swift */,
				EFA45006207D0F6F00AB6A1C /* CheckoutTableViewController.swift */,
			);
			path = Controllers;
			sourceTree = "<group>";
		};
/* End PBXGroup section */

/* Begin PBXNativeTarget section */
		EF13924F2061C07F000ABBE6 /* ECommerceApp */ = {
			isa = PBXNativeTarget;
			buildConfigurationList = EF1392622061C07F000ABBE6 /* Build configuration list for PBXNativeTarget "ECommerceApp" */;
			buildPhases = (
				831C621CEADF419ADEA3D929 /* [CP] Check Pods Manifest.lock */,
				EF13924C2061C07F000ABBE6 /* Sources */,
				EF13924D2061C07F000ABBE6 /* Frameworks */,
				EF13924E2061C07F000ABBE6 /* Resources */,
				F0605DA902E61AE4D31C6B98 /* [CP] Embed Pods Frameworks */,
				EDFCE625A85A8AE32A8BE8B3 /* [CP] Copy Pods Resources */,
			);
			buildRules = (
			);
			dependencies = (
			);
			name = ECommerceApp;
			productName = ECommerceApp;
			productReference = EF1392502061C07F000ABBE6 /* ECommerceApp.app */;
			productType = "com.apple.product-type.application";
		};
/* End PBXNativeTarget section */

/* Begin PBXProject section */
		EF1392482061C07F000ABBE6 /* Project object */ = {
			isa = PBXProject;
			attributes = {
				LastSwiftUpdateCheck = 0920;
				LastUpgradeCheck = 0930;
				ORGANIZATIONNAME = darqfox;
				TargetAttributes = {
					EF13924F2061C07F000ABBE6 = {
						CreatedOnToolsVersion = 9.2;
						ProvisioningStyle = Automatic;
					};
				};
			};
			buildConfigurationList = EF13924B2061C07F000ABBE6 /* Build configuration list for PBXProject "ECommerceApp" */;
			compatibilityVersion = "Xcode 8.0";
			developmentRegion = en;
			hasScannedForEncodings = 0;
			knownRegions = (
				en,
				Base,
			);
			mainGroup = EF1392472061C07F000ABBE6;
			productRefGroup = EF1392512061C07F000ABBE6 /* Products */;
			projectDirPath = "";
			projectRoot = "";
			targets = (
				EF13924F2061C07F000ABBE6 /* ECommerceApp */,
			);
		};
/* End PBXProject section */

/* Begin PBXResourcesBuildPhase section */
		EF13924E2061C07F000ABBE6 /* Resources */ = {
			isa = PBXResourcesBuildPhase;
			buildActionMask = 2147483647;
			files = (
				EF13925E2061C07F000ABBE6 /* LaunchScreen.storyboard in Resources */,
				EFA45013207D1FA500AB6A1C /* GoogleService-Info.plist in Resources */,
				EF13925B2061C07F000ABBE6 /* Assets.xcassets in Resources */,
				EF1392592061C07F000ABBE6 /* Main.storyboard in Resources */,
			);
			runOnlyForDeploymentPostprocessing = 0;
		};
/* End PBXResourcesBuildPhase section */

/* Begin PBXShellScriptBuildPhase section */
		831C621CEADF419ADEA3D929 /* [CP] Check Pods Manifest.lock */ = {
			isa = PBXShellScriptBuildPhase;
			buildActionMask = 2147483647;
			files = (
			);
			inputPaths = (
				"${PODS_PODFILE_DIR_PATH}/Podfile.lock",
				"${PODS_ROOT}/Manifest.lock",
			);
			name = "[CP] Check Pods Manifest.lock";
			outputPaths = (
				"$(DERIVED_FILE_DIR)/Pods-ECommerceApp-checkManifestLockResult.txt",
			);
			runOnlyForDeploymentPostprocessing = 0;
			shellPath = /bin/sh;
			shellScript = "diff \"${PODS_PODFILE_DIR_PATH}/Podfile.lock\" \"${PODS_ROOT}/Manifest.lock\" > /dev/null\nif [ $? != 0 ] ; then\n    # print error to STDERR\n    echo \"error: The sandbox is not in sync with the Podfile.lock. Run 'pod install' or update your CocoaPods installation.\" >&2\n    exit 1\nfi\n# This output is used by Xcode 'outputs' to avoid re-running this script phase.\necho \"SUCCESS\" > \"${SCRIPT_OUTPUT_FILE_0}\"\n";
			showEnvVarsInLog = 0;
		};
		EDFCE625A85A8AE32A8BE8B3 /* [CP] Copy Pods Resources */ = {
			isa = PBXShellScriptBuildPhase;
			buildActionMask = 2147483647;
			files = (
			);
			inputPaths = (
			);
			name = "[CP] Copy Pods Resources";
			outputPaths = (
			);
			runOnlyForDeploymentPostprocessing = 0;
			shellPath = /bin/sh;
			shellScript = "\"${SRCROOT}/Pods/Target Support Files/Pods-ECommerceApp/Pods-ECommerceApp-resources.sh\"\n";
			showEnvVarsInLog = 0;
		};
		F0605DA902E61AE4D31C6B98 /* [CP] Embed Pods Frameworks */ = {
			isa = PBXShellScriptBuildPhase;
			buildActionMask = 2147483647;
			files = (
			);
			inputPaths = (
				"${SRCROOT}/Pods/Target Support Files/Pods-ECommerceApp/Pods-ECommerceApp-frameworks.sh",
				"${BUILT_PRODUCTS_DIR}/GTMSessionFetcher/GTMSessionFetcher.framework",
				"${BUILT_PRODUCTS_DIR}/GoogleToolboxForMac/GoogleToolboxForMac.framework",
				"${BUILT_PRODUCTS_DIR}/leveldb-library/leveldb.framework",
				"${BUILT_PRODUCTS_DIR}/nanopb/nanopb.framework",
			);
			name = "[CP] Embed Pods Frameworks";
			outputPaths = (
				"${TARGET_BUILD_DIR}/${FRAMEWORKS_FOLDER_PATH}/GTMSessionFetcher.framework",
				"${TARGET_BUILD_DIR}/${FRAMEWORKS_FOLDER_PATH}/GoogleToolboxForMac.framework",
				"${TARGET_BUILD_DIR}/${FRAMEWORKS_FOLDER_PATH}/leveldb.framework",
				"${TARGET_BUILD_DIR}/${FRAMEWORKS_FOLDER_PATH}/nanopb.framework",
			);
			runOnlyForDeploymentPostprocessing = 0;
			shellPath = /bin/sh;
			shellScript = "\"${SRCROOT}/Pods/Target Support Files/Pods-ECommerceApp/Pods-ECommerceApp-frameworks.sh\"\n";
			showEnvVarsInLog = 0;
		};
/* End PBXShellScriptBuildPhase section */

/* Begin PBXSourcesBuildPhase section */
		EF13924C2061C07F000ABBE6 /* Sources */ = {
			isa = PBXSourcesBuildPhase;
			buildActionMask = 2147483647;
			files = (
				EF54CBB22073D512002DCB0E /* ProductFeedCell.swift in Sources */,
				EFA4500B207D10B100AB6A1C /* BillingInformationCell.swift in Sources */,
				EF639279207D5F4F00624803 /* WelcomeScreenViewController.swift in Sources */,
				EFFC235B207C36630089E2D9 /* CheckoutCell.swift in Sources */,
				EFFC2357207C34730089E2D9 /* SubtotalCell.swift in Sources */,
				EFA45007207D0F6F00AB6A1C /* CheckoutTableViewController.swift in Sources */,
				EF9262922076A55700A8FCB7 /* ProductImageViewController.swift in Sources */,
				EF1392542061C07F000ABBE6 /* AppDelegate.swift in Sources */,
				EFFC2355207C28F40089E2D9 /* ProductInBagCell.swift in Sources */,
				EF2B3CD82076B783003CC223 /* ProductImagesPageViewController.swift in Sources */,
				EFFC2353207C267C0089E2D9 /* NumberOfItemsCell.swift in Sources */,
				EFDE492C20731A3C0098A676 /* Product.swift in Sources */,
				EFA4500D207D117D00AB6A1C /* CreditCardInformationCell.swift in Sources */,
				EF54CBB02073C651002DCB0E /* FeedTableViewController.swift in Sources */,
				EFE793F2207FCF0600957FDC /* ECFirebaseImage.swift in Sources */,
				EF243B452082648200D9BA5D /* SignupTableViewController.swift in Sources */,
				EFE793F0207ED8F500957FDC /* ECFirebaseReference.swift in Sources */,
				EFFC234D207C21A10089E2D9 /* ShoppingBagTableViewController.swift in Sources */,
				EF54CBBF207445B2002DCB0E /* ProductDetailTableViewController.swift in Sources */,
				EFA4500F207D12D400AB6A1C /* SubmitOrderCell.swift in Sources */,
				EF67B01F207743480020A885 /* ProductImagesHeaderView.swift in Sources */,
				EF67B02120784E020020A885 /* SuggestionCollectionViewCell.swift in Sources */,
				EF54CBBB2074435B002DCB0E /* ProductDetailCell.swift in Sources */,
				EFE793F4207FECEF00957FDC /* ECUser.swift in Sources */,
				EF54CBBD20744395002DCB0E /* BuyButtonCell.swift in Sources */,
				EF63927B207D615700624803 /* RoundedButton.swift in Sources */,
				EF54CBB42073EA05002DCB0E /* Constants.swift in Sources */,
				EFFC2359207C358C0089E2D9 /* TotalCell.swift in Sources */,
				EF67B023207857AA0020A885 /* SuggestionTableViewCell.swift in Sources */,
			);
			runOnlyForDeploymentPostprocessing = 0;
		};
/* End PBXSourcesBuildPhase section */

/* Begin PBXVariantGroup section */
		EF1392572061C07F000ABBE6 /* Main.storyboard */ = {
			isa = PBXVariantGroup;
			children = (
				EF1392582061C07F000ABBE6 /* Base */,
			);
			name = Main.storyboard;
			sourceTree = "<group>";
		};
		EF13925C2061C07F000ABBE6 /* LaunchScreen.storyboard */ = {
			isa = PBXVariantGroup;
			children = (
				EF13925D2061C07F000ABBE6 /* Base */,
			);
			name = LaunchScreen.storyboard;
			sourceTree = "<group>";
		};
/* End PBXVariantGroup section */

/* Begin XCBuildConfiguration section */
		EF1392602061C07F000ABBE6 /* Debug */ = {
			isa = XCBuildConfiguration;
			buildSettings = {
				ALWAYS_SEARCH_USER_PATHS = NO;
				CLANG_ANALYZER_NONNULL = YES;
				CLANG_ANALYZER_NUMBER_OBJECT_CONVERSION = YES_AGGRESSIVE;
				CLANG_CXX_LANGUAGE_STANDARD = "gnu++14";
				CLANG_CXX_LIBRARY = "libc++";
				CLANG_ENABLE_MODULES = YES;
				CLANG_ENABLE_OBJC_ARC = YES;
				CLANG_WARN_BLOCK_CAPTURE_AUTORELEASING = YES;
				CLANG_WARN_BOOL_CONVERSION = YES;
				CLANG_WARN_COMMA = YES;
				CLANG_WARN_CONSTANT_CONVERSION = YES;
				CLANG_WARN_DEPRECATED_OBJC_IMPLEMENTATIONS = YES;
				CLANG_WARN_DIRECT_OBJC_ISA_USAGE = YES_ERROR;
				CLANG_WARN_DOCUMENTATION_COMMENTS = YES;
				CLANG_WARN_EMPTY_BODY = YES;
				CLANG_WARN_ENUM_CONVERSION = YES;
				CLANG_WARN_INFINITE_RECURSION = YES;
				CLANG_WARN_INT_CONVERSION = YES;
				CLANG_WARN_NON_LITERAL_NULL_CONVERSION = YES;
				CLANG_WARN_OBJC_IMPLICIT_RETAIN_SELF = YES;
				CLANG_WARN_OBJC_LITERAL_CONVERSION = YES;
				CLANG_WARN_OBJC_ROOT_CLASS = YES_ERROR;
				CLANG_WARN_RANGE_LOOP_ANALYSIS = YES;
				CLANG_WARN_STRICT_PROTOTYPES = YES;
				CLANG_WARN_SUSPICIOUS_MOVE = YES;
				CLANG_WARN_UNGUARDED_AVAILABILITY = YES_AGGRESSIVE;
				CLANG_WARN_UNREACHABLE_CODE = YES;
				CLANG_WARN__DUPLICATE_METHOD_MATCH = YES;
				CODE_SIGN_IDENTITY = "iPhone Developer";
				COPY_PHASE_STRIP = NO;
				DEBUG_INFORMATION_FORMAT = dwarf;
				ENABLE_STRICT_OBJC_MSGSEND = YES;
				ENABLE_TESTABILITY = YES;
				GCC_C_LANGUAGE_STANDARD = gnu11;
				GCC_DYNAMIC_NO_PIC = NO;
				GCC_NO_COMMON_BLOCKS = YES;
				GCC_OPTIMIZATION_LEVEL = 0;
				GCC_PREPROCESSOR_DEFINITIONS = (
					"DEBUG=1",
					"$(inherited)",
				);
				GCC_WARN_64_TO_32_BIT_CONVERSION = YES;
				GCC_WARN_ABOUT_RETURN_TYPE = YES_ERROR;
				GCC_WARN_UNDECLARED_SELECTOR = YES;
				GCC_WARN_UNINITIALIZED_AUTOS = YES_AGGRESSIVE;
				GCC_WARN_UNUSED_FUNCTION = YES;
				GCC_WARN_UNUSED_VARIABLE = YES;
				IPHONEOS_DEPLOYMENT_TARGET = 11.2;
				MTL_ENABLE_DEBUG_INFO = YES;
				ONLY_ACTIVE_ARCH = YES;
				SDKROOT = iphoneos;
				SWIFT_ACTIVE_COMPILATION_CONDITIONS = DEBUG;
				SWIFT_OPTIMIZATION_LEVEL = "-Onone";
			};
			name = Debug;
		};
		EF1392612061C07F000ABBE6 /* Release */ = {
			isa = XCBuildConfiguration;
			buildSettings = {
				ALWAYS_SEARCH_USER_PATHS = NO;
				CLANG_ANALYZER_NONNULL = YES;
				CLANG_ANALYZER_NUMBER_OBJECT_CONVERSION = YES_AGGRESSIVE;
				CLANG_CXX_LANGUAGE_STANDARD = "gnu++14";
				CLANG_CXX_LIBRARY = "libc++";
				CLANG_ENABLE_MODULES = YES;
				CLANG_ENABLE_OBJC_ARC = YES;
				CLANG_WARN_BLOCK_CAPTURE_AUTORELEASING = YES;
				CLANG_WARN_BOOL_CONVERSION = YES;
				CLANG_WARN_COMMA = YES;
				CLANG_WARN_CONSTANT_CONVERSION = YES;
				CLANG_WARN_DEPRECATED_OBJC_IMPLEMENTATIONS = YES;
				CLANG_WARN_DIRECT_OBJC_ISA_USAGE = YES_ERROR;
				CLANG_WARN_DOCUMENTATION_COMMENTS = YES;
				CLANG_WARN_EMPTY_BODY = YES;
				CLANG_WARN_ENUM_CONVERSION = YES;
				CLANG_WARN_INFINITE_RECURSION = YES;
				CLANG_WARN_INT_CONVERSION = YES;
				CLANG_WARN_NON_LITERAL_NULL_CONVERSION = YES;
				CLANG_WARN_OBJC_IMPLICIT_RETAIN_SELF = YES;
				CLANG_WARN_OBJC_LITERAL_CONVERSION = YES;
				CLANG_WARN_OBJC_ROOT_CLASS = YES_ERROR;
				CLANG_WARN_RANGE_LOOP_ANALYSIS = YES;
				CLANG_WARN_STRICT_PROTOTYPES = YES;
				CLANG_WARN_SUSPICIOUS_MOVE = YES;
				CLANG_WARN_UNGUARDED_AVAILABILITY = YES_AGGRESSIVE;
				CLANG_WARN_UNREACHABLE_CODE = YES;
				CLANG_WARN__DUPLICATE_METHOD_MATCH = YES;
				CODE_SIGN_IDENTITY = "iPhone Developer";
				COPY_PHASE_STRIP = NO;
				DEBUG_INFORMATION_FORMAT = "dwarf-with-dsym";
				ENABLE_NS_ASSERTIONS = NO;
				ENABLE_STRICT_OBJC_MSGSEND = YES;
				GCC_C_LANGUAGE_STANDARD = gnu11;
				GCC_NO_COMMON_BLOCKS = YES;
				GCC_WARN_64_TO_32_BIT_CONVERSION = YES;
				GCC_WARN_ABOUT_RETURN_TYPE = YES_ERROR;
				GCC_WARN_UNDECLARED_SELECTOR = YES;
				GCC_WARN_UNINITIALIZED_AUTOS = YES_AGGRESSIVE;
				GCC_WARN_UNUSED_FUNCTION = YES;
				GCC_WARN_UNUSED_VARIABLE = YES;
				IPHONEOS_DEPLOYMENT_TARGET = 11.2;
				MTL_ENABLE_DEBUG_INFO = NO;
				SDKROOT = iphoneos;
				SWIFT_OPTIMIZATION_LEVEL = "-Owholemodule";
				VALIDATE_PRODUCT = YES;
			};
			name = Release;
		};
		EF1392632061C07F000ABBE6 /* Debug */ = {
			isa = XCBuildConfiguration;
			baseConfigurationReference = 5AFE30A0E12C29D4532BDA93 /* Pods-ECommerceApp.debug.xcconfig */;
			buildSettings = {
				ASSETCATALOG_COMPILER_APPICON_NAME = AppIcon;
				CODE_SIGN_STYLE = Automatic;
				DEVELOPMENT_TEAM = GJ824JDLTY;
				INFOPLIST_FILE = ECommerceApp/Info.plist;
				LD_RUNPATH_SEARCH_PATHS = "$(inherited) @executable_path/Frameworks";
				PRODUCT_BUNDLE_IDENTIFIER = com.darqfox.ECommerceApp;
				PRODUCT_NAME = "$(TARGET_NAME)";
				SWIFT_VERSION = 4.0;
				TARGETED_DEVICE_FAMILY = "1,2";
			};
			name = Debug;
		};
		EF1392642061C07F000ABBE6 /* Release */ = {
			isa = XCBuildConfiguration;
			baseConfigurationReference = 42D415992A7BB7EDC16325B3 /* Pods-ECommerceApp.release.xcconfig */;
			buildSettings = {
				ASSETCATALOG_COMPILER_APPICON_NAME = AppIcon;
				CODE_SIGN_STYLE = Automatic;
				DEVELOPMENT_TEAM = GJ824JDLTY;
				INFOPLIST_FILE = ECommerceApp/Info.plist;
				LD_RUNPATH_SEARCH_PATHS = "$(inherited) @executable_path/Frameworks";
				PRODUCT_BUNDLE_IDENTIFIER = com.darqfox.ECommerceApp;
				PRODUCT_NAME = "$(TARGET_NAME)";
				SWIFT_VERSION = 4.0;
				TARGETED_DEVICE_FAMILY = "1,2";
			};
			name = Release;
		};
/* End XCBuildConfiguration section */

/* Begin XCConfigurationList section */
		EF13924B2061C07F000ABBE6 /* Build configuration list for PBXProject "ECommerceApp" */ = {
			isa = XCConfigurationList;
			buildConfigurations = (
				EF1392602061C07F000ABBE6 /* Debug */,
				EF1392612061C07F000ABBE6 /* Release */,
			);
			defaultConfigurationIsVisible = 0;
			defaultConfigurationName = Release;
		};
		EF1392622061C07F000ABBE6 /* Build configuration list for PBXNativeTarget "ECommerceApp" */ = {
			isa = XCConfigurationList;
			buildConfigurations = (
				EF1392632061C07F000ABBE6 /* Debug */,
				EF1392642061C07F000ABBE6 /* Release */,
			);
			defaultConfigurationIsVisible = 0;
			defaultConfigurationName = Release;
		};
/* End XCConfigurationList section */
	};
	rootObject = EF1392482061C07F000ABBE6 /* Project object */;
}
